// !$*UTF8*$!
{
	archiveVersion = 1;
	classes = {
	};
	objectVersion = 50;
	objects = {

/* Begin PBXBuildFile section */
		195D37BC2BA2F63620407134 /* Pods_FindMyFriends.framework in Frameworks */ = {isa = PBXBuildFile; fileRef = 38312FA032B7076BEA9C9C66 /* Pods_FindMyFriends.framework */; };
		2B397188218C505E009E36BD /* FriendsTableViewController.swift in Sources */ = {isa = PBXBuildFile; fileRef = 2B397187218C505E009E36BD /* FriendsTableViewController.swift */; };
		2B39718C218D8232009E36BD /* FriendTableViewCell.swift in Sources */ = {isa = PBXBuildFile; fileRef = 2B39718B218D8232009E36BD /* FriendTableViewCell.swift */; };
		2B75F66B217E238C003FD4BD /* AppDelegate.swift in Sources */ = {isa = PBXBuildFile; fileRef = 2B75F66A217E238C003FD4BD /* AppDelegate.swift */; };
		2B75F66D217E238C003FD4BD /* ViewController.swift in Sources */ = {isa = PBXBuildFile; fileRef = 2B75F66C217E238C003FD4BD /* ViewController.swift */; };
		2B75F670217E238C003FD4BD /* Main.storyboard in Resources */ = {isa = PBXBuildFile; fileRef = 2B75F66E217E238C003FD4BD /* Main.storyboard */; };
		2B75F672217E238E003FD4BD /* Assets.xcassets in Resources */ = {isa = PBXBuildFile; fileRef = 2B75F671217E238E003FD4BD /* Assets.xcassets */; };
		2B75F675217E238E003FD4BD /* LaunchScreen.storyboard in Resources */ = {isa = PBXBuildFile; fileRef = 2B75F673217E238E003FD4BD /* LaunchScreen.storyboard */; };
		2BDA32FF21934BC300FFA968 /* LogLocation.swift in Sources */ = {isa = PBXBuildFile; fileRef = 2BDA32FE21934BC300FFA968 /* LogLocation.swift */; };
		2BED0940218AA3E000C5B17C /* Communicator.swift in Sources */ = {isa = PBXBuildFile; fileRef = 2BED093F218AA3E000C5B17C /* Communicator.swift */; };
		2BED0966218B32CC00C5B17C /* Friend.swift in Sources */ = {isa = PBXBuildFile; fileRef = 2BED0965218B32CC00C5B17C /* Friend.swift */; };
/* End PBXBuildFile section */

/* Begin PBXFileReference section */
		2B397187218C505E009E36BD /* FriendsTableViewController.swift */ = {isa = PBXFileReference; lastKnownFileType = sourcecode.swift; path = FriendsTableViewController.swift; sourceTree = "<group>"; };
		2B39718B218D8232009E36BD /* FriendTableViewCell.swift */ = {isa = PBXFileReference; lastKnownFileType = sourcecode.swift; path = FriendTableViewCell.swift; sourceTree = "<group>"; };
		2B75F667217E238C003FD4BD /* FindMyFriends.app */ = {isa = PBXFileReference; explicitFileType = wrapper.application; includeInIndex = 0; path = FindMyFriends.app; sourceTree = BUILT_PRODUCTS_DIR; };
		2B75F66A217E238C003FD4BD /* AppDelegate.swift */ = {isa = PBXFileReference; lastKnownFileType = sourcecode.swift; path = AppDelegate.swift; sourceTree = "<group>"; };
		2B75F66C217E238C003FD4BD /* ViewController.swift */ = {isa = PBXFileReference; lastKnownFileType = sourcecode.swift; path = ViewController.swift; sourceTree = "<group>"; };
		2B75F66F217E238C003FD4BD /* Base */ = {isa = PBXFileReference; lastKnownFileType = file.storyboard; name = Base; path = Base.lproj/Main.storyboard; sourceTree = "<group>"; };
		2B75F671217E238E003FD4BD /* Assets.xcassets */ = {isa = PBXFileReference; lastKnownFileType = folder.assetcatalog; path = Assets.xcassets; sourceTree = "<group>"; };
		2B75F674217E238E003FD4BD /* Base */ = {isa = PBXFileReference; lastKnownFileType = file.storyboard; name = Base; path = Base.lproj/LaunchScreen.storyboard; sourceTree = "<group>"; };
		2B75F676217E238E003FD4BD /* Info.plist */ = {isa = PBXFileReference; lastKnownFileType = text.plist.xml; path = Info.plist; sourceTree = "<group>"; };
		2BDA32FE21934BC300FFA968 /* LogLocation.swift */ = {isa = PBXFileReference; lastKnownFileType = sourcecode.swift; path = LogLocation.swift; sourceTree = "<group>"; };
		2BED093F218AA3E000C5B17C /* Communicator.swift */ = {isa = PBXFileReference; lastKnownFileType = sourcecode.swift; path = Communicator.swift; sourceTree = "<group>"; };
		2BED0965218B32CC00C5B17C /* Friend.swift */ = {isa = PBXFileReference; lastKnownFileType = sourcecode.swift; path = Friend.swift; sourceTree = "<group>"; };
		38312FA032B7076BEA9C9C66 /* Pods_FindMyFriends.framework */ = {isa = PBXFileReference; explicitFileType = wrapper.framework; includeInIndex = 0; path = Pods_FindMyFriends.framework; sourceTree = BUILT_PRODUCTS_DIR; };
		8031439CC960D05AF8965CD4 /* Pods-FindMyFriends.debug.xcconfig */ = {isa = PBXFileReference; includeInIndex = 1; lastKnownFileType = text.xcconfig; name = "Pods-FindMyFriends.debug.xcconfig"; path = "Pods/Target Support Files/Pods-FindMyFriends/Pods-FindMyFriends.debug.xcconfig"; sourceTree = "<group>"; };
		9472A4FDAFF6B5C5F8A0D1A4 /* Pods-FindMyFriends.release.xcconfig */ = {isa = PBXFileReference; includeInIndex = 1; lastKnownFileType = text.xcconfig; name = "Pods-FindMyFriends.release.xcconfig"; path = "Pods/Target Support Files/Pods-FindMyFriends/Pods-FindMyFriends.release.xcconfig"; sourceTree = "<group>"; };
/* End PBXFileReference section */

/* Begin PBXFrameworksBuildPhase section */
		2B75F664217E238C003FD4BD /* Frameworks */ = {
			isa = PBXFrameworksBuildPhase;
			buildActionMask = 2147483647;
			files = (
				195D37BC2BA2F63620407134 /* Pods_FindMyFriends.framework in Frameworks */,
			);
			runOnlyForDeploymentPostprocessing = 0;
		};
/* End PBXFrameworksBuildPhase section */

/* Begin PBXGroup section */
		2B75F65E217E238C003FD4BD = {
			isa = PBXGroup;
			children = (
				2B75F669217E238C003FD4BD /* FindMyFriends */,
				2B75F668217E238C003FD4BD /* Products */,
				5F40872D48F1C48E753C998A /* Pods */,
				8381EEF444F4E301072D8515 /* Frameworks */,
			);
			sourceTree = "<group>";
		};
		2B75F668217E238C003FD4BD /* Products */ = {
			isa = PBXGroup;
			children = (
				2B75F667217E238C003FD4BD /* FindMyFriends.app */,
			);
			name = Products;
			sourceTree = "<group>";
		};
		2B75F669217E238C003FD4BD /* FindMyFriends */ = {
			isa = PBXGroup;
			children = (
				2B75F66A217E238C003FD4BD /* AppDelegate.swift */,
				2B75F66E217E238C003FD4BD /* Main.storyboard */,
				2B75F686217F2BDD003FD4BD /* Controller */,
				2B75F685217F2BC2003FD4BD /* Model */,
				2B75F671217E238E003FD4BD /* Assets.xcassets */,
				2B75F673217E238E003FD4BD /* LaunchScreen.storyboard */,
				2B75F676217E238E003FD4BD /* Info.plist */,
			);
			path = FindMyFriends;
			sourceTree = "<group>";
		};
		2B75F685217F2BC2003FD4BD /* Model */ = {
			isa = PBXGroup;
			children = (
				2BED093F218AA3E000C5B17C /* Communicator.swift */,
				2BED0965218B32CC00C5B17C /* Friend.swift */,
				2BDA32FE21934BC300FFA968 /* LogLocation.swift */,
			);
			path = Model;
			sourceTree = "<group>";
		};
		2B75F686217F2BDD003FD4BD /* Controller */ = {
			isa = PBXGroup;
			children = (
				2B75F66C217E238C003FD4BD /* ViewController.swift */,
				2B397187218C505E009E36BD /* FriendsTableViewController.swift */,
				2B39718B218D8232009E36BD /* FriendTableViewCell.swift */,
			);
			path = Controller;
			sourceTree = "<group>";
		};
		5F40872D48F1C48E753C998A /* Pods */ = {
			isa = PBXGroup;
			children = (
				8031439CC960D05AF8965CD4 /* Pods-FindMyFriends.debug.xcconfig */,
				9472A4FDAFF6B5C5F8A0D1A4 /* Pods-FindMyFriends.release.xcconfig */,
			);
			name = Pods;
			sourceTree = "<group>";
		};
		8381EEF444F4E301072D8515 /* Frameworks */ = {
			isa = PBXGroup;
			children = (
				38312FA032B7076BEA9C9C66 /* Pods_FindMyFriends.framework */,
			);
			name = Frameworks;
			sourceTree = "<group>";
		};
/* End PBXGroup section */

/* Begin PBXNativeTarget section */
		2B75F666217E238C003FD4BD /* FindMyFriends */ = {
			isa = PBXNativeTarget;
			buildConfigurationList = 2B75F679217E238E003FD4BD /* Build configuration list for PBXNativeTarget "FindMyFriends" */;
			buildPhases = (
				6E63416B0CF3B9028B572353 /* [CP] Check Pods Manifest.lock */,
				2B75F663217E238C003FD4BD /* Sources */,
				2B75F664217E238C003FD4BD /* Frameworks */,
				2B75F665217E238C003FD4BD /* Resources */,
				42221E4EB671A33DD41C06B9 /* [CP] Embed Pods Frameworks */,
			);
			buildRules = (
			);
			dependencies = (
			);
			name = FindMyFriends;
			productName = FindMyFriends;
			productReference = 2B75F667217E238C003FD4BD /* FindMyFriends.app */;
			productType = "com.apple.product-type.application";
		};
/* End PBXNativeTarget section */

/* Begin PBXProject section */
		2B75F65F217E238C003FD4BD /* Project object */ = {
			isa = PBXProject;
			attributes = {
				LastSwiftUpdateCheck = 1000;
				LastUpgradeCheck = 1000;
				ORGANIZATIONNAME = "Hung Hsun Lin";
				TargetAttributes = {
					2B75F666217E238C003FD4BD = {
						CreatedOnToolsVersion = 10.0;
						LastSwiftMigration = 1000;
					};
				};
			};
			buildConfigurationList = 2B75F662217E238C003FD4BD /* Build configuration list for PBXProject "FindMyFriends" */;
			compatibilityVersion = "Xcode 9.3";
			developmentRegion = en;
			hasScannedForEncodings = 0;
			knownRegions = (
				en,
				Base,
			);
			mainGroup = 2B75F65E217E238C003FD4BD;
			productRefGroup = 2B75F668217E238C003FD4BD /* Products */;
			projectDirPath = "";
			projectRoot = "";
			targets = (
				2B75F666217E238C003FD4BD /* FindMyFriends */,
			);
		};
/* End PBXProject section */

/* Begin PBXResourcesBuildPhase section */
		2B75F665217E238C003FD4BD /* Resources */ = {
			isa = PBXResourcesBuildPhase;
			buildActionMask = 2147483647;
			files = (
				2B75F675217E238E003FD4BD /* LaunchScreen.storyboard in Resources */,
				2B75F672217E238E003FD4BD /* Assets.xcassets in Resources */,
				2B75F670217E238C003FD4BD /* Main.storyboard in Resources */,
			);
			runOnlyForDeploymentPostprocessing = 0;
		};
/* End PBXResourcesBuildPhase section */

/* Begin PBXShellScriptBuildPhase section */
		42221E4EB671A33DD41C06B9 /* [CP] Embed Pods Frameworks */ = {
			isa = PBXShellScriptBuildPhase;
			buildActionMask = 2147483647;
			files = (
			);
			inputPaths = (
				"${SRCROOT}/Pods/Target Support Files/Pods-FindMyFriends/Pods-FindMyFriends-frameworks.sh",
				"${BUILT_PRODUCTS_DIR}/Alamofire/Alamofire.framework",
				"${BUILT_PRODUCTS_DIR}/SQLite.swift/SQLite.framework",
			);
			name = "[CP] Embed Pods Frameworks";
			outputPaths = (
				"${TARGET_BUILD_DIR}/${FRAMEWORKS_FOLDER_PATH}/Alamofire.framework",
				"${TARGET_BUILD_DIR}/${FRAMEWORKS_FOLDER_PATH}/SQLite.framework",
			);
			runOnlyForDeploymentPostprocessing = 0;
			shellPath = /bin/sh;
			shellScript = "\"${SRCROOT}/Pods/Target Support Files/Pods-FindMyFriends/Pods-FindMyFriends-frameworks.sh\"\n";
			showEnvVarsInLog = 0;
		};
		6E63416B0CF3B9028B572353 /* [CP] Check Pods Manifest.lock */ = {
			isa = PBXShellScriptBuildPhase;
			buildActionMask = 2147483647;
			files = (
			);
			inputPaths = (
				"${PODS_PODFILE_DIR_PATH}/Podfile.lock",
				"${PODS_ROOT}/Manifest.lock",
			);
			name = "[CP] Check Pods Manifest.lock";
			outputPaths = (
				"$(DERIVED_FILE_DIR)/Pods-FindMyFriends-checkManifestLockResult.txt",
			);
			runOnlyForDeploymentPostprocessing = 0;
			shellPath = /bin/sh;
			shellScript = "diff \"${PODS_PODFILE_DIR_PATH}/Podfile.lock\" \"${PODS_ROOT}/Manifest.lock\" > /dev/null\nif [ $? != 0 ] ; then\n    # print error to STDERR\n    echo \"error: The sandbox is not in sync with the Podfile.lock. Run 'pod install' or update your CocoaPods installation.\" >&2\n    exit 1\nfi\n# This output is used by Xcode 'outputs' to avoid re-running this script phase.\necho \"SUCCESS\" > \"${SCRIPT_OUTPUT_FILE_0}\"\n";
			showEnvVarsInLog = 0;
		};
/* End PBXShellScriptBuildPhase section */

/* Begin PBXSourcesBuildPhase section */
		2B75F663217E238C003FD4BD /* Sources */ = {
			isa = PBXSourcesBuildPhase;
			buildActionMask = 2147483647;
			files = (
				2BED0940218AA3E000C5B17C /* Communicator.swift in Sources */,
				2B75F66D217E238C003FD4BD /* ViewController.swift in Sources */,
				2B75F66B217E238C003FD4BD /* AppDelegate.swift in Sources */,
				2B39718C218D8232009E36BD /* FriendTableViewCell.swift in Sources */,
				2BED0966218B32CC00C5B17C /* Friend.swift in Sources */,
				2B397188218C505E009E36BD /* FriendsTableViewController.swift in Sources */,
				2BDA32FF21934BC300FFA968 /* LogLocation.swift in Sources */,
			);
			runOnlyForDeploymentPostprocessing = 0;
		};
/* End PBXSourcesBuildPhase section */

/* Begin PBXVariantGroup section */
		2B75F66E217E238C003FD4BD /* Main.storyboard */ = {
			isa = PBXVariantGroup;
			children = (
				2B75F66F217E238C003FD4BD /* Base */,
			);
			name = Main.storyboard;
			sourceTree = "<group>";
		};
		2B75F673217E238E003FD4BD /* LaunchScreen.storyboard */ = {
			isa = PBXVariantGroup;
			children = (
				2B75F674217E238E003FD4BD /* Base */,
			);
			name = LaunchScreen.storyboard;
			sourceTree = "<group>";
		};
/* End PBXVariantGroup section */

/* Begin XCBuildConfiguration section */
		2B75F677217E238E003FD4BD /* Debug */ = {
			isa = XCBuildConfiguration;
			buildSettings = {
				ALWAYS_SEARCH_USER_PATHS = NO;
				CLANG_ANALYZER_NONNULL = YES;
				CLANG_ANALYZER_NUMBER_OBJECT_CONVERSION = YES_AGGRESSIVE;
				CLANG_CXX_LANGUAGE_STANDARD = "gnu++14";
				CLANG_CXX_LIBRARY = "libc++";
				CLANG_ENABLE_MODULES = YES;
				CLANG_ENABLE_OBJC_ARC = YES;
				CLANG_ENABLE_OBJC_WEAK = YES;
				CLANG_WARN_BLOCK_CAPTURE_AUTORELEASING = YES;
				CLANG_WARN_BOOL_CONVERSION = YES;
				CLANG_WARN_COMMA = YES;
				CLANG_WARN_CONSTANT_CONVERSION = YES;
				CLANG_WARN_DEPRECATED_OBJC_IMPLEMENTATIONS = YES;
				CLANG_WARN_DIRECT_OBJC_ISA_USAGE = YES_ERROR;
				CLANG_WARN_DOCUMENTATION_COMMENTS = YES;
				CLANG_WARN_EMPTY_BODY = YES;
				CLANG_WARN_ENUM_CONVERSION = YES;
				CLANG_WARN_INFINITE_RECURSION = YES;
				CLANG_WARN_INT_CONVERSION = YES;
				CLANG_WARN_NON_LITERAL_NULL_CONVERSION = YES;
				CLANG_WARN_OBJC_IMPLICIT_RETAIN_SELF = YES;
				CLANG_WARN_OBJC_LITERAL_CONVERSION = YES;
				CLANG_WARN_OBJC_ROOT_CLASS = YES_ERROR;
				CLANG_WARN_RANGE_LOOP_ANALYSIS = YES;
				CLANG_WARN_STRICT_PROTOTYPES = YES;
				CLANG_WARN_SUSPICIOUS_MOVE = YES;
				CLANG_WARN_UNGUARDED_AVAILABILITY = YES_AGGRESSIVE;
				CLANG_WARN_UNREACHABLE_CODE = YES;
				CLANG_WARN__DUPLICATE_METHOD_MATCH = YES;
				CODE_SIGN_IDENTITY = "iPhone Developer";
				COPY_PHASE_STRIP = NO;
				DEBUG_INFORMATION_FORMAT = dwarf;
				ENABLE_STRICT_OBJC_MSGSEND = YES;
				ENABLE_TESTABILITY = YES;
				GCC_C_LANGUAGE_STANDARD = gnu11;
				GCC_DYNAMIC_NO_PIC = NO;
				GCC_NO_COMMON_BLOCKS = YES;
				GCC_OPTIMIZATION_LEVEL = 0;
				GCC_PREPROCESSOR_DEFINITIONS = (
					"DEBUG=1",
					"$(inherited)",
				);
				GCC_WARN_64_TO_32_BIT_CONVERSION = YES;
				GCC_WARN_ABOUT_RETURN_TYPE = YES_ERROR;
				GCC_WARN_UNDECLARED_SELECTOR = YES;
				GCC_WARN_UNINITIALIZED_AUTOS = YES_AGGRESSIVE;
				GCC_WARN_UNUSED_FUNCTION = YES;
				GCC_WARN_UNUSED_VARIABLE = YES;
				IPHONEOS_DEPLOYMENT_TARGET = 12.0;
				MTL_ENABLE_DEBUG_INFO = INCLUDE_SOURCE;
				MTL_FAST_MATH = YES;
				ONLY_ACTIVE_ARCH = YES;
				SDKROOT = iphoneos;
				SWIFT_ACTIVE_COMPILATION_CONDITIONS = DEBUG;
				SWIFT_OPTIMIZATION_LEVEL = "-Onone";
			};
			name = Debug;
		};
		2B75F678217E238E003FD4BD /* Release */ = {
			isa = XCBuildConfiguration;
			buildSettings = {
				ALWAYS_SEARCH_USER_PATHS = NO;
				CLANG_ANALYZER_NONNULL = YES;
				CLANG_ANALYZER_NUMBER_OBJECT_CONVERSION = YES_AGGRESSIVE;
				CLANG_CXX_LANGUAGE_STANDARD = "gnu++14";
				CLANG_CXX_LIBRARY = "libc++";
				CLANG_ENABLE_MODULES = YES;
				CLANG_ENABLE_OBJC_ARC = YES;
				CLANG_ENABLE_OBJC_WEAK = YES;
				CLANG_WARN_BLOCK_CAPTURE_AUTORELEASING = YES;
				CLANG_WARN_BOOL_CONVERSION = YES;
				CLANG_WARN_COMMA = YES;
				CLANG_WARN_CONSTANT_CONVERSION = YES;
				CLANG_WARN_DEPRECATED_OBJC_IMPLEMENTATIONS = YES;
				CLANG_WARN_DIRECT_OBJC_ISA_USAGE = YES_ERROR;
				CLANG_WARN_DOCUMENTATION_COMMENTS = YES;
				CLANG_WARN_EMPTY_BODY = YES;
				CLANG_WARN_ENUM_CONVERSION = YES;
				CLANG_WARN_INFINITE_RECURSION = YES;
				CLANG_WARN_INT_CONVERSION = YES;
				CLANG_WARN_NON_LITERAL_NULL_CONVERSION = YES;
				CLANG_WARN_OBJC_IMPLICIT_RETAIN_SELF = YES;
				CLANG_WARN_OBJC_LITERAL_CONVERSION = YES;
				CLANG_WARN_OBJC_ROOT_CLASS = YES_ERROR;
				CLANG_WARN_RANGE_LOOP_ANALYSIS = YES;
				CLANG_WARN_STRICT_PROTOTYPES = YES;
				CLANG_WARN_SUSPICIOUS_MOVE = YES;
				CLANG_WARN_UNGUARDED_AVAILABILITY = YES_AGGRESSIVE;
				CLANG_WARN_UNREACHABLE_CODE = YES;
				CLANG_WARN__DUPLICATE_METHOD_MATCH = YES;
				CODE_SIGN_IDENTITY = "iPhone Developer";
				COPY_PHASE_STRIP = NO;
				DEBUG_INFORMATION_FORMAT = "dwarf-with-dsym";
				ENABLE_NS_ASSERTIONS = NO;
				ENABLE_STRICT_OBJC_MSGSEND = YES;
				GCC_C_LANGUAGE_STANDARD = gnu11;
				GCC_NO_COMMON_BLOCKS = YES;
				GCC_WARN_64_TO_32_BIT_CONVERSION = YES;
				GCC_WARN_ABOUT_RETURN_TYPE = YES_ERROR;
				GCC_WARN_UNDECLARED_SELECTOR = YES;
				GCC_WARN_UNINITIALIZED_AUTOS = YES_AGGRESSIVE;
				GCC_WARN_UNUSED_FUNCTION = YES;
				GCC_WARN_UNUSED_VARIABLE = YES;
				IPHONEOS_DEPLOYMENT_TARGET = 12.0;
				MTL_ENABLE_DEBUG_INFO = NO;
				MTL_FAST_MATH = YES;
				SDKROOT = iphoneos;
				SWIFT_COMPILATION_MODE = wholemodule;
				SWIFT_OPTIMIZATION_LEVEL = "-O";
				VALIDATE_PRODUCT = YES;
			};
			name = Release;
		};
		2B75F67A217E238E003FD4BD /* Debug */ = {
			isa = XCBuildConfiguration;
			baseConfigurationReference = 8031439CC960D05AF8965CD4 /* Pods-FindMyFriends.debug.xcconfig */;
			buildSettings = {
				ASSETCATALOG_COMPILER_APPICON_NAME = AppIcon;
				CLANG_ENABLE_MODULES = YES;
				CODE_SIGN_STYLE = Automatic;
				DEVELOPMENT_TEAM = 378NT6B6N9;
				INFOPLIST_FILE = FindMyFriends/Info.plist;
				IPHONEOS_DEPLOYMENT_TARGET = 11.0;
				LD_RUNPATH_SEARCH_PATHS = (
					"$(inherited)",
					"@executable_path/Frameworks",
				);
				PRODUCT_BUNDLE_IDENTIFIER = hhl.com.FindMyFriends;
				PRODUCT_NAME = "$(TARGET_NAME)";
				SWIFT_OBJC_BRIDGING_HEADER = "FindMyFriends/FindMyFriends-Bridging-Header.h";
				SWIFT_OPTIMIZATION_LEVEL = "-Onone";
				SWIFT_VERSION = 4.2;
				TARGETED_DEVICE_FAMILY = "1,2";
			};
			name = Debug;
		};
		2B75F67B217E238E003FD4BD /* Release */ = {
			isa = XCBuildConfiguration;
			baseConfigurationReference = 9472A4FDAFF6B5C5F8A0D1A4 /* Pods-FindMyFriends.release.xcconfig */;
			buildSettings = {
				ASSETCATALOG_COMPILER_APPICON_NAME = AppIcon;
				CLANG_ENABLE_MODULES = YES;
				CODE_SIGN_STYLE = Automatic;
				DEVELOPMENT_TEAM = 378NT6B6N9;
				INFOPLIST_FILE = FindMyFriends/Info.plist;
				IPHONEOS_DEPLOYMENT_TARGET = 11.0;
				LD_RUNPATH_SEARCH_PATHS = (
					"$(inherited)",
					"@executable_path/Frameworks",
				);
				PRODUCT_BUNDLE_IDENTIFIER = hhl.com.FindMyFriends;
				PRODUCT_NAME = "$(TARGET_NAME)";
				SWIFT_OBJC_BRIDGING_HEADER = "FindMyFriends/FindMyFriends-Bridging-Header.h";
				SWIFT_VERSION = 4.2;
				TARGETED_DEVICE_FAMILY = "1,2";
			};
			name = Release;
		};
/* End XCBuildConfiguration section */

/* Begin XCConfigurationList section */
		2B75F662217E238C003FD4BD /* Build configuration list for PBXProject "FindMyFriends" */ = {
			isa = XCConfigurationList;
			buildConfigurations = (
				2B75F677217E238E003FD4BD /* Debug */,
				2B75F678217E238E003FD4BD /* Release */,
			);
			defaultConfigurationIsVisible = 0;
			defaultConfigurationName = Release;
		};
		2B75F679217E238E003FD4BD /* Build configuration list for PBXNativeTarget "FindMyFriends" */ = {
			isa = XCConfigurationList;
			buildConfigurations = (
				2B75F67A217E238E003FD4BD /* Debug */,
				2B75F67B217E238E003FD4BD /* Release */,
			);
			defaultConfigurationIsVisible = 0;
			defaultConfigurationName = Release;
		};
/* End XCConfigurationList section */
	};
	rootObject = 2B75F65F217E238C003FD4BD /* Project object */;
}
